// !$*UTF8*$!
{
	archiveVersion = 1;
	classes = {
	};
	objectVersion = 46;
	objects = {

/* Begin PBXBuildFile section */
		E6CDD7E81A3E97AD00F4FA5F /* AppDelegate.swift in Sources */ = {isa = PBXBuildFile; fileRef = E6CDD7E71A3E97AD00F4FA5F /* AppDelegate.swift */; };
		E6CDD7EA1A3E97AD00F4FA5F /* ViewController.swift in Sources */ = {isa = PBXBuildFile; fileRef = E6CDD7E91A3E97AD00F4FA5F /* ViewController.swift */; };
		E6CDD7ED1A3E97AD00F4FA5F /* Main.storyboard in Resources */ = {isa = PBXBuildFile; fileRef = E6CDD7EB1A3E97AD00F4FA5F /* Main.storyboard */; };
		E6CDD7EF1A3E97AD00F4FA5F /* Images.xcassets in Resources */ = {isa = PBXBuildFile; fileRef = E6CDD7EE1A3E97AD00F4FA5F /* Images.xcassets */; };
		E6CDD7F21A3E97AD00F4FA5F /* LaunchScreen.xib in Resources */ = {isa = PBXBuildFile; fileRef = E6CDD7F01A3E97AD00F4FA5F /* LaunchScreen.xib */; };
		E6CDD7FE1A3E97AD00F4FA5F /* tipulatorTests.swift in Sources */ = {isa = PBXBuildFile; fileRef = E6CDD7FD1A3E97AD00F4FA5F /* tipulatorTests.swift */; };
/* End PBXBuildFile section */

/* Begin PBXContainerItemProxy section */
		E6CDD7F81A3E97AD00F4FA5F /* PBXContainerItemProxy */ = {
			isa = PBXContainerItemProxy;
			containerPortal = E6CDD7DA1A3E97AD00F4FA5F /* Project object */;
			proxyType = 1;
			remoteGlobalIDString = E6CDD7E11A3E97AD00F4FA5F;
			remoteInfo = tipulator;
		};
/* End PBXContainerItemProxy section */

/* Begin PBXFileReference section */
		E6CDD7E21A3E97AD00F4FA5F /* tipulator.app */ = {isa = PBXFileReference; explicitFileType = wrapper.application; includeInIndex = 0; path = tipulator.app; sourceTree = BUILT_PRODUCTS_DIR; };
		E6CDD7E61A3E97AD00F4FA5F /* Info.plist */ = {isa = PBXFileReference; lastKnownFileType = text.plist.xml; path = Info.plist; sourceTree = "<group>"; };
		E6CDD7E71A3E97AD00F4FA5F /* AppDelegate.swift */ = {isa = PBXFileReference; lastKnownFileType = sourcecode.swift; path = AppDelegate.swift; sourceTree = "<group>"; };
		E6CDD7E91A3E97AD00F4FA5F /* ViewController.swift */ = {isa = PBXFileReference; lastKnownFileType = sourcecode.swift; path = ViewController.swift; sourceTree = "<group>"; };
		E6CDD7EC1A3E97AD00F4FA5F /* Base */ = {isa = PBXFileReference; lastKnownFileType = file.storyboard; name = Base; path = Base.lproj/Main.storyboard; sourceTree = "<group>"; };
		E6CDD7EE1A3E97AD00F4FA5F /* Images.xcassets */ = {isa = PBXFileReference; lastKnownFileType = folder.assetcatalog; path = Images.xcassets; sourceTree = "<group>"; };
		E6CDD7F11A3E97AD00F4FA5F /* Base */ = {isa = PBXFileReference; lastKnownFileType = file.xib; name = Base; path = Base.lproj/LaunchScreen.xib; sourceTree = "<group>"; };
		E6CDD7F71A3E97AD00F4FA5F /* tipulatorTests.xctest */ = {isa = PBXFileReference; explicitFileType = wrapper.cfbundle; includeInIndex = 0; path = tipulatorTests.xctest; sourceTree = BUILT_PRODUCTS_DIR; };
		E6CDD7FC1A3E97AD00F4FA5F /* Info.plist */ = {isa = PBXFileReference; lastKnownFileType = text.plist.xml; path = Info.plist; sourceTree = "<group>"; };
		E6CDD7FD1A3E97AD00F4FA5F /* tipulatorTests.swift */ = {isa = PBXFileReference; lastKnownFileType = sourcecode.swift; path = tipulatorTests.swift; sourceTree = "<group>"; };
/* End PBXFileReference section */

/* Begin PBXFrameworksBuildPhase section */
		E6CDD7DF1A3E97AD00F4FA5F /* Frameworks */ = {
			isa = PBXFrameworksBuildPhase;
			buildActionMask = 2147483647;
			files = (
			);
			runOnlyForDeploymentPostprocessing = 0;
		};
		E6CDD7F41A3E97AD00F4FA5F /* Frameworks */ = {
			isa = PBXFrameworksBuildPhase;
			buildActionMask = 2147483647;
			files = (
			);
			runOnlyForDeploymentPostprocessing = 0;
		};
/* End PBXFrameworksBuildPhase section */

/* Begin PBXGroup section */
		E6CDD7D91A3E97AD00F4FA5F = {
			isa = PBXGroup;
			children = (
				E6CDD7E41A3E97AD00F4FA5F /* tipulator */,
				E6CDD7FA1A3E97AD00F4FA5F /* tipulatorTests */,
				E6CDD7E31A3E97AD00F4FA5F /* Products */,
			);
			sourceTree = "<group>";
		};
		E6CDD7E31A3E97AD00F4FA5F /* Products */ = {
			isa = PBXGroup;
			children = (
				E6CDD7E21A3E97AD00F4FA5F /* tipulator.app */,
				E6CDD7F71A3E97AD00F4FA5F /* tipulatorTests.xctest */,
			);
			name = Products;
			sourceTree = "<group>";
		};
		E6CDD7E41A3E97AD00F4FA5F /* tipulator */ = {
			isa = PBXGroup;
			children = (
				E6CDD7E71A3E97AD00F4FA5F /* AppDelegate.swift */,
				E6CDD7E91A3E97AD00F4FA5F /* ViewController.swift */,
				E6CDD7EB1A3E97AD00F4FA5F /* Main.storyboard */,
				E6CDD7EE1A3E97AD00F4FA5F /* Images.xcassets */,
				E6CDD7F01A3E97AD00F4FA5F /* LaunchScreen.xib */,
				E6CDD7E51A3E97AD00F4FA5F /* Supporting Files */,
			);
			path = tipulator;
			sourceTree = "<group>";
		};
		E6CDD7E51A3E97AD00F4FA5F /* Supporting Files */ = {
			isa = PBXGroup;
			children = (
				E6CDD7E61A3E97AD00F4FA5F /* Info.plist */,
			);
			name = "Supporting Files";
			sourceTree = "<group>";
		};
		E6CDD7FA1A3E97AD00F4FA5F /* tipulatorTests */ = {
			isa = PBXGroup;
			children = (
				E6CDD7FD1A3E97AD00F4FA5F /* tipulatorTests.swift */,
				E6CDD7FB1A3E97AD00F4FA5F /* Supporting Files */,
			);
			path = tipulatorTests;
			sourceTree = "<group>";
		};
		E6CDD7FB1A3E97AD00F4FA5F /* Supporting Files */ = {
			isa = PBXGroup;
			children = (
				E6CDD7FC1A3E97AD00F4FA5F /* Info.plist */,
			);
			name = "Supporting Files";
			sourceTree = "<group>";
		};
/* End PBXGroup section */

/* Begin PBXNativeTarget section */
		E6CDD7E11A3E97AD00F4FA5F /* tipulator */ = {
			isa = PBXNativeTarget;
			buildConfigurationList = E6CDD8011A3E97AD00F4FA5F /* Build configuration list for PBXNativeTarget "tipulator" */;
			buildPhases = (
				E6CDD7DE1A3E97AD00F4FA5F /* Sources */,
				E6CDD7DF1A3E97AD00F4FA5F /* Frameworks */,
				E6CDD7E01A3E97AD00F4FA5F /* Resources */,
			);
			buildRules = (
			);
			dependencies = (
			);
			name = tipulator;
			productName = tipulator;
			productReference = E6CDD7E21A3E97AD00F4FA5F /* tipulator.app */;
			productType = "com.apple.product-type.application";
		};
		E6CDD7F61A3E97AD00F4FA5F /* tipulatorTests */ = {
			isa = PBXNativeTarget;
			buildConfigurationList = E6CDD8041A3E97AD00F4FA5F /* Build configuration list for PBXNativeTarget "tipulatorTests" */;
			buildPhases = (
				E6CDD7F31A3E97AD00F4FA5F /* Sources */,
				E6CDD7F41A3E97AD00F4FA5F /* Frameworks */,
				E6CDD7F51A3E97AD00F4FA5F /* Resources */,
			);
			buildRules = (
			);
			dependencies = (
				E6CDD7F91A3E97AD00F4FA5F /* PBXTargetDependency */,
			);
			name = tipulatorTests;
			productName = tipulatorTests;
			productReference = E6CDD7F71A3E97AD00F4FA5F /* tipulatorTests.xctest */;
			productType = "com.apple.product-type.bundle.unit-test";
		};
/* End PBXNativeTarget section */

/* Begin PBXProject section */
		E6CDD7DA1A3E97AD00F4FA5F /* Project object */ = {
			isa = PBXProject;
			attributes = {
				LastUpgradeCheck = 0610;
				ORGANIZATIONNAME = "William Falk-Wallace";
				TargetAttributes = {
					E6CDD7E11A3E97AD00F4FA5F = {
						CreatedOnToolsVersion = 6.1.1;
						DevelopmentTeam = BDMC9C2X5M;
					};
					E6CDD7F61A3E97AD00F4FA5F = {
						CreatedOnToolsVersion = 6.1.1;
						TestTargetID = E6CDD7E11A3E97AD00F4FA5F;
					};
				};
			};
			buildConfigurationList = E6CDD7DD1A3E97AD00F4FA5F /* Build configuration list for PBXProject "tipulator" */;
			compatibilityVersion = "Xcode 3.2";
			developmentRegion = English;
			hasScannedForEncodings = 0;
			knownRegions = (
				en,
				Base,
			);
			mainGroup = E6CDD7D91A3E97AD00F4FA5F;
			productRefGroup = E6CDD7E31A3E97AD00F4FA5F /* Products */;
			projectDirPath = "";
			projectRoot = "";
			targets = (
				E6CDD7E11A3E97AD00F4FA5F /* tipulator */,
				E6CDD7F61A3E97AD00F4FA5F /* tipulatorTests */,
			);
		};
/* End PBXProject section */

/* Begin PBXResourcesBuildPhase section */
		E6CDD7E01A3E97AD00F4FA5F /* Resources */ = {
			isa = PBXResourcesBuildPhase;
			buildActionMask = 2147483647;
			files = (
				E6CDD7ED1A3E97AD00F4FA5F /* Main.storyboard in Resources */,
				E6CDD7F21A3E97AD00F4FA5F /* LaunchScreen.xib in Resources */,
				E6CDD7EF1A3E97AD00F4FA5F /* Images.xcassets in Resources */,
			);
			runOnlyForDeploymentPostprocessing = 0;
		};
		E6CDD7F51A3E97AD00F4FA5F /* Resources */ = {
			isa = PBXResourcesBuildPhase;
			buildActionMask = 2147483647;
			files = (
			);
			runOnlyForDeploymentPostprocessing = 0;
		};
/* End PBXResourcesBuildPhase section */

/* Begin PBXSourcesBuildPhase section */
		E6CDD7DE1A3E97AD00F4FA5F /* Sources */ = {
			isa = PBXSourcesBuildPhase;
			buildActionMask = 2147483647;
			files = (
				E6CDD7EA1A3E97AD00F4FA5F /* ViewController.swift in Sources */,
				E6CDD7E81A3E97AD00F4FA5F /* AppDelegate.swift in Sources */,
			);
			runOnlyForDeploymentPostprocessing = 0;
		};
		E6CDD7F31A3E97AD00F4FA5F /* Sources */ = {
			isa = PBXSourcesBuildPhase;
			buildActionMask = 2147483647;
			files = (
				E6CDD7FE1A3E97AD00F4FA5F /* tipulatorTests.swift in Sources */,
			);
			runOnlyForDeploymentPostprocessing = 0;
		};
/* End PBXSourcesBuildPhase section */

/* Begin PBXTargetDependency section */
		E6CDD7F91A3E97AD00F4FA5F /* PBXTargetDependency */ = {
			isa = PBXTargetDependency;
			target = E6CDD7E11A3E97AD00F4FA5F /* tipulator */;
			targetProxy = E6CDD7F81A3E97AD00F4FA5F /* PBXContainerItemProxy */;
		};
/* End PBXTargetDependency section */

/* Begin PBXVariantGroup section */
		E6CDD7EB1A3E97AD00F4FA5F /* Main.storyboard */ = {
			isa = PBXVariantGroup;
			children = (
				E6CDD7EC1A3E97AD00F4FA5F /* Base */,
			);
			name = Main.storyboard;
			sourceTree = "<group>";
		};
		E6CDD7F01A3E97AD00F4FA5F /* LaunchScreen.xib */ = {
			isa = PBXVariantGroup;
			children = (
				E6CDD7F11A3E97AD00F4FA5F /* Base */,
			);
			name = LaunchScreen.xib;
			sourceTree = "<group>";
		};
/* End PBXVariantGroup section */

/* Begin XCBuildConfiguration section */
		E6CDD7FF1A3E97AD00F4FA5F /* Debug */ = {
			isa = XCBuildConfiguration;
			buildSettings = {
				ALWAYS_SEARCH_USER_PATHS = NO;
				CLANG_CXX_LANGUAGE_STANDARD = "gnu++0x";
				CLANG_CXX_LIBRARY = "libc++";
				CLANG_ENABLE_MODULES = YES;
				CLANG_ENABLE_OBJC_ARC = YES;
				CLANG_WARN_BOOL_CONVERSION = YES;
				CLANG_WARN_CONSTANT_CONVERSION = YES;
				CLANG_WARN_DIRECT_OBJC_ISA_USAGE = YES_ERROR;
				CLANG_WARN_EMPTY_BODY = YES;
				CLANG_WARN_ENUM_CONVERSION = YES;
				CLANG_WARN_INT_CONVERSION = YES;
				CLANG_WARN_OBJC_ROOT_CLASS = YES_ERROR;
				CLANG_WARN_UNREACHABLE_CODE = YES;
				CLANG_WARN__DUPLICATE_METHOD_MATCH = YES;
				"CODE_SIGN_IDENTITY[sdk=iphoneos*]" = "iPhone Developer";
				COPY_PHASE_STRIP = NO;
				ENABLE_STRICT_OBJC_MSGSEND = YES;
				GCC_C_LANGUAGE_STANDARD = gnu99;
				GCC_DYNAMIC_NO_PIC = NO;
				GCC_OPTIMIZATION_LEVEL = 0;
				GCC_PREPROCESSOR_DEFINITIONS = (
					"DEBUG=1",
					"$(inherited)",
				);
				GCC_SYMBOLS_PRIVATE_EXTERN = NO;
				GCC_WARN_64_TO_32_BIT_CONVERSION = YES;
				GCC_WARN_ABOUT_RETURN_TYPE = YES_ERROR;
				GCC_WARN_UNDECLARED_SELECTOR = YES;
				GCC_WARN_UNINITIALIZED_AUTOS = YES_AGGRESSIVE;
				GCC_WARN_UNUSED_FUNCTION = YES;
				GCC_WARN_UNUSED_VARIABLE = YES;
				IPHONEOS_DEPLOYMENT_TARGET = 8.1;
				MTL_ENABLE_DEBUG_INFO = YES;
				ONLY_ACTIVE_ARCH = YES;
				SDKROOT = iphoneos;
				SWIFT_OPTIMIZATION_LEVEL = "-Onone";
			};
			name = Debug;
		};
		E6CDD8001A3E97AD00F4FA5F /* Release */ = {
			isa = XCBuildConfiguration;
			buildSettings = {
				ALWAYS_SEARCH_USER_PATHS = NO;
				CLANG_CXX_LANGUAGE_STANDARD = "gnu++0x";
				CLANG_CXX_LIBRARY = "libc++";
				CLANG_ENABLE_MODULES = YES;
				CLANG_ENABLE_OBJC_ARC = YES;
				CLANG_WARN_BOOL_CONVERSION = YES;
				CLANG_WARN_CONSTANT_CONVERSION = YES;
				CLANG_WARN_DIRECT_OBJC_ISA_USAGE = YES_ERROR;
				CLANG_WARN_EMPTY_BODY = YES;
				CLANG_WARN_ENUM_CONVERSION = YES;
				CLANG_WARN_INT_CONVERSION = YES;
				CLANG_WARN_OBJC_ROOT_CLASS = YES_ERROR;
				CLANG_WARN_UNREACHABLE_CODE = YES;
				CLANG_WARN__DUPLICATE_METHOD_MATCH = YES;
				"CODE_SIGN_IDENTITY[sdk=iphoneos*]" = "iPhone Developer";
				COPY_PHASE_STRIP = YES;
				ENABLE_NS_ASSERTIONS = NO;
				ENABLE_STRICT_OBJC_MSGSEND = YES;
				GCC_C_LANGUAGE_STANDARD = gnu99;
				GCC_WARN_64_TO_32_BIT_CONVERSION = YES;
				GCC_WARN_ABOUT_RETURN_TYPE = YES_ERROR;
				GCC_WARN_UNDECLARED_SELECTOR = YES;
				GCC_WARN_UNINITIALIZED_AUTOS = YES_AGGRESSIVE;
				GCC_WARN_UNUSED_FUNCTION = YES;
				GCC_WARN_UNUSED_VARIABLE = YES;
				IPHONEOS_DEPLOYMENT_TARGET = 8.1;
				MTL_ENABLE_DEBUG_INFO = NO;
				SDKROOT = iphoneos;
				VALIDATE_PRODUCT = YES;
			};
			name = Release;
		};
		E6CDD8021A3E97AD00F4FA5F /* Debug */ = {
			isa = XCBuildConfiguration;
			buildSettings = {
				ASSETCATALOG_COMPILER_APPICON_NAME = AppIcon;
				INFOPLIST_FILE = tipulator/Info.plist;
				LD_RUNPATH_SEARCH_PATHS = "$(inherited) @executable_path/Frameworks";
				PRODUCT_NAME = "$(TARGET_NAME)";
			};
			name = Debug;
		};
		E6CDD8031A3E97AD00F4FA5F /* Release */ = {
			isa = XCBuildConfiguration;
			buildSettings = {
				ASSETCATALOG_COMPILER_APPICON_NAME = AppIcon;
				INFOPLIST_FILE = tipulator/Info.plist;
				LD_RUNPATH_SEARCH_PATHS = "$(inherited) @executable_path/Frameworks";
				PRODUCT_NAME = "$(TARGET_NAME)";
			};
			name = Release;
		};
		E6CDD8051A3E97AD00F4FA5F /* Debug */ = {
			isa = XCBuildConfiguration;
			buildSettings = {
				BUNDLE_LOADER = "$(TEST_HOST)";
				FRAMEWORK_SEARCH_PATHS = (
					"$(SDKROOT)/Developer/Library/Frameworks",
					"$(inherited)",
				);
				GCC_PREPROCESSOR_DEFINITIONS = (
					"DEBUG=1",
					"$(inherited)",
				);
				INFOPLIST_FILE = tipulatorTests/Info.plist;
				LD_RUNPATH_SEARCH_PATHS = "$(inherited) @executable_path/Frameworks @loader_path/Frameworks";
				PRODUCT_NAME = "$(TARGET_NAME)";
				TEST_HOST = "$(BUILT_PRODUCTS_DIR)/tipulator.app/tipulator";
			};
			name = Debug;
		};
		E6CDD8061A3E97AD00F4FA5F /* Release */ = {
			isa = XCBuildConfiguration;
			buildSettings = {
				BUNDLE_LOADER = "$(TEST_HOST)";
				FRAMEWORK_SEARCH_PATHS = (
					"$(SDKROOT)/Developer/Library/Frameworks",
					"$(inherited)",
				);
				INFOPLIST_FILE = tipulatorTests/Info.plist;
				LD_RUNPATH_SEARCH_PATHS = "$(inherited) @executable_path/Frameworks @loader_path/Frameworks";
				PRODUCT_NAME = "$(TARGET_NAME)";
				TEST_HOST = "$(BUILT_PRODUCTS_DIR)/tipulator.app/tipulator";
			};
			name = Release;
		};
/* End XCBuildConfiguration section */

/* Begin XCConfigurationList section */
		E6CDD7DD1A3E97AD00F4FA5F /* Build configuration list for PBXProject "tipulator" */ = {
			isa = XCConfigurationList;
			buildConfigurations = (
				E6CDD7FF1A3E97AD00F4FA5F /* Debug */,
				E6CDD8001A3E97AD00F4FA5F /* Release */,
			);
			defaultConfigurationIsVisible = 0;
			defaultConfigurationName = Release;
		};
		E6CDD8011A3E97AD00F4FA5F /* Build configuration list for PBXNativeTarget "tipulator" */ = {
			isa = XCConfigurationList;
			buildConfigurations = (
				E6CDD8021A3E97AD00F4FA5F /* Debug */,
				E6CDD8031A3E97AD00F4FA5F /* Release */,
			);
			defaultConfigurationIsVisible = 0;
			defaultConfigurationName = Release;
		};
		E6CDD8041A3E97AD00F4FA5F /* Build configuration list for PBXNativeTarget "tipulatorTests" */ = {
			isa = XCConfigurationList;
			buildConfigurations = (
				E6CDD8051A3E97AD00F4FA5F /* Debug */,
				E6CDD8061A3E97AD00F4FA5F /* Release */,
			);
			defaultConfigurationIsVisible = 0;
			defaultConfigurationName = Release;
		};
/* End XCConfigurationList section */
	};
	rootObject = E6CDD7DA1A3E97AD00F4FA5F /* Project object */;
}
